
Microsoft Visual Studio Solution File, Format Version 12.00
# Visual Studio Version 16
VisualStudioVersion = 25.0.1705.0
MinimumVisualStudioVersion = 10.0.40219.1
Project("{FAE04EC0-301F-11D3-BF4B-00C04F79EFBC}") = "BlazorPortfolioApp.Server", "Server\BlazorPortfolioApp.Server.csproj", "{5C379842-13BC-4849-8018-2E017B26550A}"
EndProject
Project("{FAE04EC0-301F-11D3-BF4B-00C04F79EFBC}") = "BlazorPortfolioApp.Client", "Client\BlazorPortfolioApp.Client.csproj", "{D8FA0A02-37B7-4DC8-A7EE-DFDCC741F3F9}"
EndProject
Project("{FAE04EC0-301F-11D3-BF4B-00C04F79EFBC}") = "BlazorPortfolioApp.Shared", "Shared\BlazorPortfolioApp.Shared.csproj", "{01B1F33B-5936-4D27-AEB4-D9BCEB407DF4}"
EndProject
Global
	GlobalSection(SolutionConfigurationPlatforms) = preSolution
		Debug|Any CPU = Debug|Any CPU
		Release|Any CPU = Release|Any CPU
	EndGlobalSection
	GlobalSection(ProjectConfigurationPlatforms) = postSolution
		{5C379842-13BC-4849-8018-2E017B26550A}.Debug|Any CPU.ActiveCfg = Debug|Any CPU
		{5C379842-13BC-4849-8018-2E017B26550A}.Debug|Any CPU.Build.0 = Debug|Any CPU
		{5C379842-13BC-4849-8018-2E017B26550A}.Release|Any CPU.ActiveCfg = Release|Any CPU
		{5C379842-13BC-4849-8018-2E017B26550A}.Release|Any CPU.Build.0 = Release|Any CPU
		{D8FA0A02-37B7-4DC8-A7EE-DFDCC741F3F9}.Debug|Any CPU.ActiveCfg = Debug|Any CPU
		{D8FA0A02-37B7-4DC8-A7EE-DFDCC741F3F9}.Debug|Any CPU.Build.0 = Debug|Any CPU
		{D8FA0A02-37B7-4DC8-A7EE-DFDCC741F3F9}.Release|Any CPU.ActiveCfg = Release|Any CPU
		{D8FA0A02-37B7-4DC8-A7EE-DFDCC741F3F9}.Release|Any CPU.Build.0 = Release|Any CPU
		{01B1F33B-5936-4D27-AEB4-D9BCEB407DF4}.Debug|Any CPU.ActiveCfg = Debug|Any CPU
		{01B1F33B-5936-4D27-AEB4-D9BCEB407DF4}.Debug|Any CPU.Build.0 = Debug|Any CPU
		{01B1F33B-5936-4D27-AEB4-D9BCEB407DF4}.Release|Any CPU.ActiveCfg = Release|Any CPU
		{01B1F33B-5936-4D27-AEB4-D9BCEB407DF4}.Release|Any CPU.Build.0 = Release|Any CPU
	EndGlobalSection
	GlobalSection(SolutionProperties) = preSolution
		HideSolutionNode = FALSE
	EndGlobalSection
	GlobalSection(ExtensibilityGlobals) = postSolution
		SolutionGuid = {2AFC73B9-AF71-49EF-B8B7-8D3E071447E8}
	EndGlobalSection
EndGlobal
